
Microsoft Visual Studio Solution File, Format Version 12.00
# Visual Studio Version 17
VisualStudioVersion = 17.0.32112.339
MinimumVisualStudioVersion = 10.0.40219.1
Project("{FAE04EC0-301F-11D3-BF4B-00C04F79EFBC}") = "Gr9093coreApiEF", "Gr9093coreApiEF\Gr9093coreApiEF.csproj", "{FC4C7C83-F5C5-4EEB-9366-D85DDE199664}"
EndProject
Global
	GlobalSection(SolutionConfigurationPlatforms) = preSolution
		Debug|Any CPU = Debug|Any CPU
		Release|Any CPU = Release|Any CPU
	EndGlobalSection
	GlobalSection(ProjectConfigurationPlatforms) = postSolution
		{FC4C7C83-F5C5-4EEB-9366-D85DDE199664}.Debug|Any CPU.ActiveCfg = Debug|Any CPU
		{FC4C7C83-F5C5-4EEB-9366-D85DDE199664}.Debug|Any CPU.Build.0 = Debug|Any CPU
		{FC4C7C83-F5C5-4EEB-9366-D85DDE199664}.Release|Any CPU.ActiveCfg = Release|Any CPU
		{FC4C7C83-F5C5-4EEB-9366-D85DDE199664}.Release|Any CPU.Build.0 = Release|Any CPU
	EndGlobalSection
	GlobalSection(SolutionProperties) = preSolution
		HideSolutionNode = FALSE
	EndGlobalSection
	GlobalSection(ExtensibilityGlobals) = postSolution
		SolutionGuid = {55F802D1-6DF4-4DB5-AE93-16B0A52F6DBB}
	EndGlobalSection
EndGlobal
